
Microsoft Visual Studio Solution File, Format Version 12.00
# Visual Studio Version 16
VisualStudioVersion = 16.0.30717.126
MinimumVisualStudioVersion = 10.0.40219.1
Project("{9A19103F-16F7-4668-BE54-9A1E7A4F7556}") = "IdentityServer.Service", "src\IdentityServer.Service\IdentityServer.Service.csproj", "{68EC4AAA-5471-4877-83BB-7832C34ADEC6}"
EndProject
Project("{9A19103F-16F7-4668-BE54-9A1E7A4F7556}") = "IdentityServer.IdentityServer4Extension", "src\IdentityServer.IdentityServer4Extension\IdentityServer.IdentityServer4Extension.csproj", "{C5ABD697-1198-43AD-825C-BAE06906C17B}"
EndProject
Project("{9A19103F-16F7-4668-BE54-9A1E7A4F7556}") = "IdentityServer.Model", "src\IdentityServer.Model\IdentityServer.Model.csproj", "{5FB58358-14CF-4998-9EF0-37CD595B8F5A}"
EndProject
Project("{9A19103F-16F7-4668-BE54-9A1E7A4F7556}") = "IdentityServer.Infrastructure", "src\IdentityServer.Infrastructure\IdentityServer.Infrastructure.csproj", "{34C48E3A-24EE-49F8-BEFF-4AD0F53A66BE}"
EndProject
Project("{9A19103F-16F7-4668-BE54-9A1E7A4F7556}") = "IdentityServer.Web", "src\IdentityServer.Web\IdentityServer.Web.csproj", "{F007FC0C-394F-465C-A3AD-5B3959B88161}"
EndProject
Project("{9A19103F-16F7-4668-BE54-9A1E7A4F7556}") = "IdentityServer.Entity", "src\IdentityServer.Entity\IdentityServer.Entity.csproj", "{16F4E702-D408-4643-BE00-B39E57599987}"
EndProject
Project("{2150E333-8FDC-42A3-9474-1A3956D46DE8}") = "Clients", "Clients", "{7C22ADDF-5F1C-4E0C-AA93-AD413E3AA9B8}"
EndProject
Project("{9A19103F-16F7-4668-BE54-9A1E7A4F7556}") = "IdentityServer.Client.ResourceOwnerPassword", "src\Clients\IdentityServer.Client.ResourceOwnerPassword\IdentityServer.Client.ResourceOwnerPassword.csproj", "{1EB13FFD-8087-40AF-AE9A-A4B9BA8A3A2F}"
EndProject
Project("{9A19103F-16F7-4668-BE54-9A1E7A4F7556}") = "IdentityServer.HttpDiagnostic", "src\Clients\IdentityServer.HttpDiagnostic\IdentityServer.HttpDiagnostic.csproj", "{20697EE8-0168-4E92-91EA-F50D8F0F1D26}"
EndProject
Project("{2150E333-8FDC-42A3-9474-1A3956D46DE8}") = "Resources", "Resources", "{0137E01F-D0D7-47BB-9562-5244A2040BAC}"
EndProject
Project("{9A19103F-16F7-4668-BE54-9A1E7A4F7556}") = "IdentityServer.Resource.Api1", "src\Resources\IdentityServer.Resource.Api1\IdentityServer.Resource.Api1.csproj", "{74E4593B-CE46-4D43-9FAD-F0C44E7EA941}"
EndProject
Project("{9A19103F-16F7-4668-BE54-9A1E7A4F7556}") = "IdentityServer.Client.ClientCredentials", "src\Clients\IdentityServer.Client.ClientCredentials\IdentityServer.Client.ClientCredentials.csproj", "{EB8EE317-1FDD-46C6-857D-1D1197E3BAB6}"
EndProject
Project("{9A19103F-16F7-4668-BE54-9A1E7A4F7556}") = "IdentityServer.Client.AuthorizationCode", "src\Clients\IdentityServer.Client.AuthorizationCode\IdentityServer.Client.AuthorizationCode.csproj", "{E3F78FB8-299E-4064-96DD-15B914214F18}"
EndProject
Project("{FAE04EC0-301F-11D3-BF4B-00C04F79EFBC}") = "IdentityServer.Client.Implicit.MVC1", "src\Clients\IdentityServer.Client.Implicit.MVC1\IdentityServer.Client.Implicit.MVC1.csproj", "{92C04FE6-BBCA-4210-B440-6C40C318A5CB}"
EndProject
Global
	GlobalSection(SolutionConfigurationPlatforms) = preSolution
		Debug|Any CPU = Debug|Any CPU
		Release|Any CPU = Release|Any CPU
	EndGlobalSection
	GlobalSection(ProjectConfigurationPlatforms) = postSolution
		{68EC4AAA-5471-4877-83BB-7832C34ADEC6}.Debug|Any CPU.ActiveCfg = Debug|Any CPU
		{68EC4AAA-5471-4877-83BB-7832C34ADEC6}.Debug|Any CPU.Build.0 = Debug|Any CPU
		{68EC4AAA-5471-4877-83BB-7832C34ADEC6}.Release|Any CPU.ActiveCfg = Release|Any CPU
		{68EC4AAA-5471-4877-83BB-7832C34ADEC6}.Release|Any CPU.Build.0 = Release|Any CPU
		{C5ABD697-1198-43AD-825C-BAE06906C17B}.Debug|Any CPU.ActiveCfg = Debug|Any CPU
		{C5ABD697-1198-43AD-825C-BAE06906C17B}.Debug|Any CPU.Build.0 = Debug|Any CPU
		{C5ABD697-1198-43AD-825C-BAE06906C17B}.Release|Any CPU.ActiveCfg = Release|Any CPU
		{C5ABD697-1198-43AD-825C-BAE06906C17B}.Release|Any CPU.Build.0 = Release|Any CPU
		{5FB58358-14CF-4998-9EF0-37CD595B8F5A}.Debug|Any CPU.ActiveCfg = Debug|Any CPU
		{5FB58358-14CF-4998-9EF0-37CD595B8F5A}.Debug|Any CPU.Build.0 = Debug|Any CPU
		{5FB58358-14CF-4998-9EF0-37CD595B8F5A}.Release|Any CPU.ActiveCfg = Release|Any CPU
		{5FB58358-14CF-4998-9EF0-37CD595B8F5A}.Release|Any CPU.Build.0 = Release|Any CPU
		{34C48E3A-24EE-49F8-BEFF-4AD0F53A66BE}.Debug|Any CPU.ActiveCfg = Debug|Any CPU
		{34C48E3A-24EE-49F8-BEFF-4AD0F53A66BE}.Debug|Any CPU.Build.0 = Debug|Any CPU
		{34C48E3A-24EE-49F8-BEFF-4AD0F53A66BE}.Release|Any CPU.ActiveCfg = Release|Any CPU
		{34C48E3A-24EE-49F8-BEFF-4AD0F53A66BE}.Release|Any CPU.Build.0 = Release|Any CPU
		{F007FC0C-394F-465C-A3AD-5B3959B88161}.Debug|Any CPU.ActiveCfg = Debug|Any CPU
		{F007FC0C-394F-465C-A3AD-5B3959B88161}.Debug|Any CPU.Build.0 = Debug|Any CPU
		{F007FC0C-394F-465C-A3AD-5B3959B88161}.Release|Any CPU.ActiveCfg = Release|Any CPU
		{F007FC0C-394F-465C-A3AD-5B3959B88161}.Release|Any CPU.Build.0 = Release|Any CPU
		{16F4E702-D408-4643-BE00-B39E57599987}.Debug|Any CPU.ActiveCfg = Debug|Any CPU
		{16F4E702-D408-4643-BE00-B39E57599987}.Debug|Any CPU.Build.0 = Debug|Any CPU
		{16F4E702-D408-4643-BE00-B39E57599987}.Release|Any CPU.ActiveCfg = Release|Any CPU
		{16F4E702-D408-4643-BE00-B39E57599987}.Release|Any CPU.Build.0 = Release|Any CPU
		{1EB13FFD-8087-40AF-AE9A-A4B9BA8A3A2F}.Debug|Any CPU.ActiveCfg = Debug|Any CPU
		{1EB13FFD-8087-40AF-AE9A-A4B9BA8A3A2F}.Debug|Any CPU.Build.0 = Debug|Any CPU
		{1EB13FFD-8087-40AF-AE9A-A4B9BA8A3A2F}.Release|Any CPU.ActiveCfg = Release|Any CPU
		{1EB13FFD-8087-40AF-AE9A-A4B9BA8A3A2F}.Release|Any CPU.Build.0 = Release|Any CPU
		{20697EE8-0168-4E92-91EA-F50D8F0F1D26}.Debug|Any CPU.ActiveCfg = Debug|Any CPU
		{20697EE8-0168-4E92-91EA-F50D8F0F1D26}.Debug|Any CPU.Build.0 = Debug|Any CPU
		{20697EE8-0168-4E92-91EA-F50D8F0F1D26}.Release|Any CPU.ActiveCfg = Release|Any CPU
		{20697EE8-0168-4E92-91EA-F50D8F0F1D26}.Release|Any CPU.Build.0 = Release|Any CPU
		{74E4593B-CE46-4D43-9FAD-F0C44E7EA941}.Debug|Any CPU.ActiveCfg = Debug|Any CPU
		{74E4593B-CE46-4D43-9FAD-F0C44E7EA941}.Debug|Any CPU.Build.0 = Debug|Any CPU
		{74E4593B-CE46-4D43-9FAD-F0C44E7EA941}.Release|Any CPU.ActiveCfg = Release|Any CPU
		{74E4593B-CE46-4D43-9FAD-F0C44E7EA941}.Release|Any CPU.Build.0 = Release|Any CPU
		{EB8EE317-1FDD-46C6-857D-1D1197E3BAB6}.Debug|Any CPU.ActiveCfg = Debug|Any CPU
		{EB8EE317-1FDD-46C6-857D-1D1197E3BAB6}.Debug|Any CPU.Build.0 = Debug|Any CPU
		{EB8EE317-1FDD-46C6-857D-1D1197E3BAB6}.Release|Any CPU.ActiveCfg = Release|Any CPU
		{EB8EE317-1FDD-46C6-857D-1D1197E3BAB6}.Release|Any CPU.Build.0 = Release|Any CPU
		{E3F78FB8-299E-4064-96DD-15B914214F18}.Debug|Any CPU.ActiveCfg = Debug|Any CPU
		{E3F78FB8-299E-4064-96DD-15B914214F18}.Debug|Any CPU.Build.0 = Debug|Any CPU
		{E3F78FB8-299E-4064-96DD-15B914214F18}.Release|Any CPU.ActiveCfg = Release|Any CPU
		{E3F78FB8-299E-4064-96DD-15B914214F18}.Release|Any CPU.Build.0 = Release|Any CPU
		{92C04FE6-BBCA-4210-B440-6C40C318A5CB}.Debug|Any CPU.ActiveCfg = Debug|Any CPU
		{92C04FE6-BBCA-4210-B440-6C40C318A5CB}.Debug|Any CPU.Build.0 = Debug|Any CPU
		{92C04FE6-BBCA-4210-B440-6C40C318A5CB}.Release|Any CPU.ActiveCfg = Release|Any CPU
		{92C04FE6-BBCA-4210-B440-6C40C318A5CB}.Release|Any CPU.Build.0 = Release|Any CPU
	EndGlobalSection
	GlobalSection(SolutionProperties) = preSolution
		HideSolutionNode = FALSE
	EndGlobalSection
	GlobalSection(NestedProjects) = preSolution
		{1EB13FFD-8087-40AF-AE9A-A4B9BA8A3A2F} = {7C22ADDF-5F1C-4E0C-AA93-AD413E3AA9B8}
		{20697EE8-0168-4E92-91EA-F50D8F0F1D26} = {7C22ADDF-5F1C-4E0C-AA93-AD413E3AA9B8}
		{74E4593B-CE46-4D43-9FAD-F0C44E7EA941} = {0137E01F-D0D7-47BB-9562-5244A2040BAC}
		{EB8EE317-1FDD-46C6-857D-1D1197E3BAB6} = {7C22ADDF-5F1C-4E0C-AA93-AD413E3AA9B8}
		{E3F78FB8-299E-4064-96DD-15B914214F18} = {7C22ADDF-5F1C-4E0C-AA93-AD413E3AA9B8}
		{92C04FE6-BBCA-4210-B440-6C40C318A5CB} = {7C22ADDF-5F1C-4E0C-AA93-AD413E3AA9B8}
	EndGlobalSection
	GlobalSection(ExtensibilityGlobals) = postSolution
		SolutionGuid = {8D2C69DA-E304-4DCF-BA0F-BEF8CAEE2D6B}
	EndGlobalSection
EndGlobal
